
Microsoft Visual Studio Solution File, Format Version 12.00
Project("{FAE04EC0-301F-11D3-BF4B-00C04F79EFBC}") = "TMPS", "TMPS\TMPS.csproj", "{3DDAAE76-C526-431F-96C0-04E5D667F959}"
EndProject
Global
	GlobalSection(SolutionConfigurationPlatforms) = preSolution
		Debug|Any CPU = Debug|Any CPU
		Release|Any CPU = Release|Any CPU
	EndGlobalSection
	GlobalSection(ProjectConfigurationPlatforms) = postSolution
		{3DDAAE76-C526-431F-96C0-04E5D667F959}.Debug|Any CPU.ActiveCfg = Debug|Any CPU
		{3DDAAE76-C526-431F-96C0-04E5D667F959}.Debug|Any CPU.Build.0 = Debug|Any CPU
		{3DDAAE76-C526-431F-96C0-04E5D667F959}.Release|Any CPU.ActiveCfg = Release|Any CPU
		{3DDAAE76-C526-431F-96C0-04E5D667F959}.Release|Any CPU.Build.0 = Release|Any CPU
	EndGlobalSection
EndGlobal
